
Microsoft Visual Studio Solution File, Format Version 12.00
# Visual Studio 2012
Project("{FAE04EC0-301F-11D3-BF4B-00C04F79EFBC}") = "GpsCommunications", "GpsCommunications.csproj", "{6500A653-B330-47C5-8579-D3472B6F0777}"
EndProject
Global
	GlobalSection(SolutionConfigurationPlatforms) = preSolution
		Debug|Any CPU = Debug|Any CPU
		Release|Any CPU = Release|Any CPU
	EndGlobalSection
	GlobalSection(ProjectConfigurationPlatforms) = postSolution
		{6500A653-B330-47C5-8579-D3472B6F0777}.Debug|Any CPU.ActiveCfg = Debug|Any CPU
		{6500A653-B330-47C5-8579-D3472B6F0777}.Debug|Any CPU.Build.0 = Debug|Any CPU
		{6500A653-B330-47C5-8579-D3472B6F0777}.Release|Any CPU.ActiveCfg = Release|Any CPU
		{6500A653-B330-47C5-8579-D3472B6F0777}.Release|Any CPU.Build.0 = Release|Any CPU
	EndGlobalSection
	GlobalSection(SolutionProperties) = preSolution
		HideSolutionNode = FALSE
	EndGlobalSection
EndGlobal
