
Microsoft Visual Studio Solution File, Format Version 12.00
# Visual Studio 2012
Project("{FAE04EC0-301F-11D3-BF4B-00C04F79EFBC}") = "NumericalPropagationDemo", "NumericalPropagationDemo.csproj", "{C9229FE6-AA6A-4E54-BEBE-C5900F7AB828}"
EndProject
Global
	GlobalSection(SolutionConfigurationPlatforms) = preSolution
		Debug|Any CPU = Debug|Any CPU
		Release|Any CPU = Release|Any CPU
	EndGlobalSection
	GlobalSection(ProjectConfigurationPlatforms) = postSolution
		{C9229FE6-AA6A-4E54-BEBE-C5900F7AB828}.Debug|Any CPU.ActiveCfg = Debug|Any CPU
		{C9229FE6-AA6A-4E54-BEBE-C5900F7AB828}.Debug|Any CPU.Build.0 = Debug|Any CPU
		{C9229FE6-AA6A-4E54-BEBE-C5900F7AB828}.Release|Any CPU.ActiveCfg = Release|Any CPU
		{C9229FE6-AA6A-4E54-BEBE-C5900F7AB828}.Release|Any CPU.Build.0 = Release|Any CPU
	EndGlobalSection
	GlobalSection(SolutionProperties) = preSolution
		HideSolutionNode = FALSE
	EndGlobalSection
EndGlobal
